// !$*UTF8*$!
{
	archiveVersion = 1;
	classes = {
	};
	objectVersion = 55;
	objects = {

/* Begin PBXBuildFile section */
		8B3CC9742876CBCD00BFEE42 /* SeachMovieViewController.swift in Sources */ = {isa = PBXBuildFile; fileRef = 8B3CC9732876CBCD00BFEE42 /* SeachMovieViewController.swift */; };
		8B3CC9762876CC0100BFEE42 /* SeachViewModel.swift in Sources */ = {isa = PBXBuildFile; fileRef = 8B3CC9752876CC0100BFEE42 /* SeachViewModel.swift */; };
		8B3CC9782876CD8900BFEE42 /* SeachRepository.swift in Sources */ = {isa = PBXBuildFile; fileRef = 8B3CC9772876CD8900BFEE42 /* SeachRepository.swift */; };
		8B3CC97A2876CE1600BFEE42 /* SearchResult.swift in Sources */ = {isa = PBXBuildFile; fileRef = 8B3CC9792876CE1600BFEE42 /* SearchResult.swift */; };
		8B3CC97D2876CF7900BFEE42 /* Alamofire in Frameworks */ = {isa = PBXBuildFile; productRef = 8B3CC97C2876CF7900BFEE42 /* Alamofire */; };
		8B3CC97F2876CF9400BFEE42 /* Constants.swift in Sources */ = {isa = PBXBuildFile; fileRef = 8B3CC97E2876CF9400BFEE42 /* Constants.swift */; };
		8B5240682876B87400655194 /* AppDelegate.swift in Sources */ = {isa = PBXBuildFile; fileRef = 8B5240672876B87400655194 /* AppDelegate.swift */; };
		8B52406A2876B87400655194 /* SceneDelegate.swift in Sources */ = {isa = PBXBuildFile; fileRef = 8B5240692876B87400655194 /* SceneDelegate.swift */; };
		8B52406F2876B87400655194 /* Main.storyboard in Resources */ = {isa = PBXBuildFile; fileRef = 8B52406D2876B87400655194 /* Main.storyboard */; };
		8B5240712876B87400655194 /* Assets.xcassets in Resources */ = {isa = PBXBuildFile; fileRef = 8B5240702876B87400655194 /* Assets.xcassets */; };
		8B5240742876B87400655194 /* LaunchScreen.storyboard in Resources */ = {isa = PBXBuildFile; fileRef = 8B5240722876B87400655194 /* LaunchScreen.storyboard */; };
		8B52407F2876B87500655194 /* TestTests.swift in Sources */ = {isa = PBXBuildFile; fileRef = 8B52407E2876B87500655194 /* TestTests.swift */; };
		8B5240892876B87500655194 /* TestUITests.swift in Sources */ = {isa = PBXBuildFile; fileRef = 8B5240882876B87500655194 /* TestUITests.swift */; };
		8B52408B2876B87500655194 /* TestUITestsLaunchTests.swift in Sources */ = {isa = PBXBuildFile; fileRef = 8B52408A2876B87500655194 /* TestUITestsLaunchTests.swift */; };
		8BEE98442876DC0900D86DE0 /* MovieCell.swift in Sources */ = {isa = PBXBuildFile; fileRef = 8BEE98432876DC0900D86DE0 /* MovieCell.swift */; };
		8BEE98E92876FE0600D86DE0 /* Kingfisher in Frameworks */ = {isa = PBXBuildFile; productRef = 8BEE98E82876FE0600D86DE0 /* Kingfisher */; };
/* End PBXBuildFile section */

/* Begin PBXContainerItemProxy section */
		8B52407B2876B87500655194 /* PBXContainerItemProxy */ = {
			isa = PBXContainerItemProxy;
			containerPortal = 8B52405C2876B87400655194 /* Project object */;
			proxyType = 1;
			remoteGlobalIDString = 8B5240632876B87400655194;
			remoteInfo = Test;
		};
		8B5240852876B87500655194 /* PBXContainerItemProxy */ = {
			isa = PBXContainerItemProxy;
			containerPortal = 8B52405C2876B87400655194 /* Project object */;
			proxyType = 1;
			remoteGlobalIDString = 8B5240632876B87400655194;
			remoteInfo = Test;
		};
/* End PBXContainerItemProxy section */

/* Begin PBXFileReference section */
		8B3CC9732876CBCD00BFEE42 /* SeachMovieViewController.swift */ = {isa = PBXFileReference; lastKnownFileType = sourcecode.swift; path = SeachMovieViewController.swift; sourceTree = "<group>"; };
		8B3CC9752876CC0100BFEE42 /* SeachViewModel.swift */ = {isa = PBXFileReference; lastKnownFileType = sourcecode.swift; path = SeachViewModel.swift; sourceTree = "<group>"; };
		8B3CC9772876CD8900BFEE42 /* SeachRepository.swift */ = {isa = PBXFileReference; lastKnownFileType = sourcecode.swift; path = SeachRepository.swift; sourceTree = "<group>"; };
		8B3CC9792876CE1600BFEE42 /* SearchResult.swift */ = {isa = PBXFileReference; lastKnownFileType = sourcecode.swift; path = SearchResult.swift; sourceTree = "<group>"; };
		8B3CC97E2876CF9400BFEE42 /* Constants.swift */ = {isa = PBXFileReference; lastKnownFileType = sourcecode.swift; path = Constants.swift; sourceTree = "<group>"; };
		8B5240642876B87400655194 /* Test.app */ = {isa = PBXFileReference; explicitFileType = wrapper.application; includeInIndex = 0; path = Test.app; sourceTree = BUILT_PRODUCTS_DIR; };
		8B5240672876B87400655194 /* AppDelegate.swift */ = {isa = PBXFileReference; lastKnownFileType = sourcecode.swift; path = AppDelegate.swift; sourceTree = "<group>"; };
		8B5240692876B87400655194 /* SceneDelegate.swift */ = {isa = PBXFileReference; lastKnownFileType = sourcecode.swift; path = SceneDelegate.swift; sourceTree = "<group>"; };
		8B52406E2876B87400655194 /* Base */ = {isa = PBXFileReference; lastKnownFileType = file.storyboard; name = Base; path = Base.lproj/Main.storyboard; sourceTree = "<group>"; };
		8B5240702876B87400655194 /* Assets.xcassets */ = {isa = PBXFileReference; lastKnownFileType = folder.assetcatalog; path = Assets.xcassets; sourceTree = "<group>"; };
		8B5240732876B87400655194 /* Base */ = {isa = PBXFileReference; lastKnownFileType = file.storyboard; name = Base; path = Base.lproj/LaunchScreen.storyboard; sourceTree = "<group>"; };
		8B5240752876B87400655194 /* Info.plist */ = {isa = PBXFileReference; lastKnownFileType = text.plist.xml; path = Info.plist; sourceTree = "<group>"; };
		8B52407A2876B87500655194 /* TestTests.xctest */ = {isa = PBXFileReference; explicitFileType = wrapper.cfbundle; includeInIndex = 0; path = TestTests.xctest; sourceTree = BUILT_PRODUCTS_DIR; };
		8B52407E2876B87500655194 /* TestTests.swift */ = {isa = PBXFileReference; lastKnownFileType = sourcecode.swift; path = TestTests.swift; sourceTree = "<group>"; };
		8B5240842876B87500655194 /* TestUITests.xctest */ = {isa = PBXFileReference; explicitFileType = wrapper.cfbundle; includeInIndex = 0; path = TestUITests.xctest; sourceTree = BUILT_PRODUCTS_DIR; };
		8B5240882876B87500655194 /* TestUITests.swift */ = {isa = PBXFileReference; lastKnownFileType = sourcecode.swift; path = TestUITests.swift; sourceTree = "<group>"; };
		8B52408A2876B87500655194 /* TestUITestsLaunchTests.swift */ = {isa = PBXFileReference; lastKnownFileType = sourcecode.swift; path = TestUITestsLaunchTests.swift; sourceTree = "<group>"; };
		8BEE98432876DC0900D86DE0 /* MovieCell.swift */ = {isa = PBXFileReference; lastKnownFileType = sourcecode.swift; path = MovieCell.swift; sourceTree = "<group>"; };
/* End PBXFileReference section */

/* Begin PBXFrameworksBuildPhase section */
		8B5240612876B87400655194 /* Frameworks */ = {
			isa = PBXFrameworksBuildPhase;
			buildActionMask = 2147483647;
			files = (
				8BEE98E92876FE0600D86DE0 /* Kingfisher in Frameworks */,
				8B3CC97D2876CF7900BFEE42 /* Alamofire in Frameworks */,
			);
			runOnlyForDeploymentPostprocessing = 0;
		};
		8B5240772876B87500655194 /* Frameworks */ = {
			isa = PBXFrameworksBuildPhase;
			buildActionMask = 2147483647;
			files = (
			);
			runOnlyForDeploymentPostprocessing = 0;
		};
		8B5240812876B87500655194 /* Frameworks */ = {
			isa = PBXFrameworksBuildPhase;
			buildActionMask = 2147483647;
			files = (
			);
			runOnlyForDeploymentPostprocessing = 0;
		};
/* End PBXFrameworksBuildPhase section */

/* Begin PBXGroup section */
		8B52405B2876B87400655194 = {
			isa = PBXGroup;
			children = (
				8B5240662876B87400655194 /* Test */,
				8B52407D2876B87500655194 /* TestTests */,
				8B5240872876B87500655194 /* TestUITests */,
				8B5240652876B87400655194 /* Products */,
			);
			sourceTree = "<group>";
		};
		8B5240652876B87400655194 /* Products */ = {
			isa = PBXGroup;
			children = (
				8B5240642876B87400655194 /* Test.app */,
				8B52407A2876B87500655194 /* TestTests.xctest */,
				8B5240842876B87500655194 /* TestUITests.xctest */,
			);
			name = Products;
			sourceTree = "<group>";
		};
		8B5240662876B87400655194 /* Test */ = {
			isa = PBXGroup;
			children = (
				8B5240672876B87400655194 /* AppDelegate.swift */,
				8B5240692876B87400655194 /* SceneDelegate.swift */,
				8B3CC9732876CBCD00BFEE42 /* SeachMovieViewController.swift */,
				8B3CC9752876CC0100BFEE42 /* SeachViewModel.swift */,
				8B3CC9792876CE1600BFEE42 /* SearchResult.swift */,
				8B3CC9772876CD8900BFEE42 /* SeachRepository.swift */,
				8BEE98432876DC0900D86DE0 /* MovieCell.swift */,
				8B3CC97E2876CF9400BFEE42 /* Constants.swift */,
				8B52406D2876B87400655194 /* Main.storyboard */,
				8B5240702876B87400655194 /* Assets.xcassets */,
				8B5240722876B87400655194 /* LaunchScreen.storyboard */,
				8B5240752876B87400655194 /* Info.plist */,
			);
			path = Test;
			sourceTree = "<group>";
		};
		8B52407D2876B87500655194 /* TestTests */ = {
			isa = PBXGroup;
			children = (
				8B52407E2876B87500655194 /* TestTests.swift */,
			);
			path = TestTests;
			sourceTree = "<group>";
		};
		8B5240872876B87500655194 /* TestUITests */ = {
			isa = PBXGroup;
			children = (
				8B5240882876B87500655194 /* TestUITests.swift */,
				8B52408A2876B87500655194 /* TestUITestsLaunchTests.swift */,
			);
			path = TestUITests;
			sourceTree = "<group>";
		};
/* End PBXGroup section */

/* Begin PBXNativeTarget section */
		8B5240632876B87400655194 /* Test */ = {
			isa = PBXNativeTarget;
			buildConfigurationList = 8B52408E2876B87500655194 /* Build configuration list for PBXNativeTarget "Test" */;
			buildPhases = (
				8B5240602876B87400655194 /* Sources */,
				8B5240612876B87400655194 /* Frameworks */,
				8B5240622876B87400655194 /* Resources */,
			);
			buildRules = (
			);
			dependencies = (
			);
			name = Test;
			packageProductDependencies = (
				8B3CC97C2876CF7900BFEE42 /* Alamofire */,
				8BEE98E82876FE0600D86DE0 /* Kingfisher */,
			);
			productName = Test;
			productReference = 8B5240642876B87400655194 /* Test.app */;
			productType = "com.apple.product-type.application";
		};
		8B5240792876B87500655194 /* TestTests */ = {
			isa = PBXNativeTarget;
			buildConfigurationList = 8B5240912876B87500655194 /* Build configuration list for PBXNativeTarget "TestTests" */;
			buildPhases = (
				8B5240762876B87500655194 /* Sources */,
				8B5240772876B87500655194 /* Frameworks */,
				8B5240782876B87500655194 /* Resources */,
			);
			buildRules = (
			);
			dependencies = (
				8B52407C2876B87500655194 /* PBXTargetDependency */,
			);
			name = TestTests;
			productName = TestTests;
			productReference = 8B52407A2876B87500655194 /* TestTests.xctest */;
			productType = "com.apple.product-type.bundle.unit-test";
		};
		8B5240832876B87500655194 /* TestUITests */ = {
			isa = PBXNativeTarget;
			buildConfigurationList = 8B5240942876B87500655194 /* Build configuration list for PBXNativeTarget "TestUITests" */;
			buildPhases = (
				8B5240802876B87500655194 /* Sources */,
				8B5240812876B87500655194 /* Frameworks */,
				8B5240822876B87500655194 /* Resources */,
			);
			buildRules = (
			);
			dependencies = (
				8B5240862876B87500655194 /* PBXTargetDependency */,
			);
			name = TestUITests;
			productName = TestUITests;
			productReference = 8B5240842876B87500655194 /* TestUITests.xctest */;
			productType = "com.apple.product-type.bundle.ui-testing";
		};
/* End PBXNativeTarget section */

/* Begin PBXProject section */
		8B52405C2876B87400655194 /* Project object */ = {
			isa = PBXProject;
			attributes = {
				BuildIndependentTargetsInParallel = 1;
				LastSwiftUpdateCheck = 1320;
				LastUpgradeCheck = 1320;
				TargetAttributes = {
					8B5240632876B87400655194 = {
						CreatedOnToolsVersion = 13.2.1;
					};
					8B5240792876B87500655194 = {
						CreatedOnToolsVersion = 13.2.1;
						TestTargetID = 8B5240632876B87400655194;
					};
					8B5240832876B87500655194 = {
						CreatedOnToolsVersion = 13.2.1;
						TestTargetID = 8B5240632876B87400655194;
					};
				};
			};
			buildConfigurationList = 8B52405F2876B87400655194 /* Build configuration list for PBXProject "Test" */;
			compatibilityVersion = "Xcode 13.0";
			developmentRegion = en;
			hasScannedForEncodings = 0;
			knownRegions = (
				en,
				Base,
			);
			mainGroup = 8B52405B2876B87400655194;
			packageReferences = (
				8B3CC97B2876CF7900BFEE42 /* XCRemoteSwiftPackageReference "Alamofire" */,
				8BEE98E72876FE0600D86DE0 /* XCRemoteSwiftPackageReference "Kingfisher" */,
			);
			productRefGroup = 8B5240652876B87400655194 /* Products */;
			projectDirPath = "";
			projectRoot = "";
			targets = (
				8B5240632876B87400655194 /* Test */,
				8B5240792876B87500655194 /* TestTests */,
				8B5240832876B87500655194 /* TestUITests */,
			);
		};
/* End PBXProject section */

/* Begin PBXResourcesBuildPhase section */
		8B5240622876B87400655194 /* Resources */ = {
			isa = PBXResourcesBuildPhase;
			buildActionMask = 2147483647;
			files = (
				8B5240742876B87400655194 /* LaunchScreen.storyboard in Resources */,
				8B5240712876B87400655194 /* Assets.xcassets in Resources */,
				8B52406F2876B87400655194 /* Main.storyboard in Resources */,
			);
			runOnlyForDeploymentPostprocessing = 0;
		};
		8B5240782876B87500655194 /* Resources */ = {
			isa = PBXResourcesBuildPhase;
			buildActionMask = 2147483647;
			files = (
			);
			runOnlyForDeploymentPostprocessing = 0;
		};
		8B5240822876B87500655194 /* Resources */ = {
			isa = PBXResourcesBuildPhase;
			buildActionMask = 2147483647;
			files = (
			);
			runOnlyForDeploymentPostprocessing = 0;
		};
/* End PBXResourcesBuildPhase section */

/* Begin PBXSourcesBuildPhase section */
		8B5240602876B87400655194 /* Sources */ = {
			isa = PBXSourcesBuildPhase;
			buildActionMask = 2147483647;
			files = (
				8B5240682876B87400655194 /* AppDelegate.swift in Sources */,
				8B3CC9782876CD8900BFEE42 /* SeachRepository.swift in Sources */,
				8BEE98442876DC0900D86DE0 /* MovieCell.swift in Sources */,
				8B52406A2876B87400655194 /* SceneDelegate.swift in Sources */,
				8B3CC9742876CBCD00BFEE42 /* SeachMovieViewController.swift in Sources */,
				8B3CC97F2876CF9400BFEE42 /* Constants.swift in Sources */,
				8B3CC97A2876CE1600BFEE42 /* SearchResult.swift in Sources */,
				8B3CC9762876CC0100BFEE42 /* SeachViewModel.swift in Sources */,
			);
			runOnlyForDeploymentPostprocessing = 0;
		};
		8B5240762876B87500655194 /* Sources */ = {
			isa = PBXSourcesBuildPhase;
			buildActionMask = 2147483647;
			files = (
				8B52407F2876B87500655194 /* TestTests.swift in Sources */,
			);
			runOnlyForDeploymentPostprocessing = 0;
		};
		8B5240802876B87500655194 /* Sources */ = {
			isa = PBXSourcesBuildPhase;
			buildActionMask = 2147483647;
			files = (
				8B52408B2876B87500655194 /* TestUITestsLaunchTests.swift in Sources */,
				8B5240892876B87500655194 /* TestUITests.swift in Sources */,
			);
			runOnlyForDeploymentPostprocessing = 0;
		};
/* End PBXSourcesBuildPhase section */

/* Begin PBXTargetDependency section */
		8B52407C2876B87500655194 /* PBXTargetDependency */ = {
			isa = PBXTargetDependency;
			target = 8B5240632876B87400655194 /* Test */;
			targetProxy = 8B52407B2876B87500655194 /* PBXContainerItemProxy */;
		};
		8B5240862876B87500655194 /* PBXTargetDependency */ = {
			isa = PBXTargetDependency;
			target = 8B5240632876B87400655194 /* Test */;
			targetProxy = 8B5240852876B87500655194 /* PBXContainerItemProxy */;
		};
/* End PBXTargetDependency section */

/* Begin PBXVariantGroup section */
		8B52406D2876B87400655194 /* Main.storyboard */ = {
			isa = PBXVariantGroup;
			children = (
				8B52406E2876B87400655194 /* Base */,
			);
			name = Main.storyboard;
			sourceTree = "<group>";
		};
		8B5240722876B87400655194 /* LaunchScreen.storyboard */ = {
			isa = PBXVariantGroup;
			children = (
				8B5240732876B87400655194 /* Base */,
			);
			name = LaunchScreen.storyboard;
			sourceTree = "<group>";
		};
/* End PBXVariantGroup section */

/* Begin XCBuildConfiguration section */
		8B52408C2876B87500655194 /* Debug */ = {
			isa = XCBuildConfiguration;
			buildSettings = {
				ALWAYS_SEARCH_USER_PATHS = NO;
				CLANG_ANALYZER_NONNULL = YES;
				CLANG_ANALYZER_NUMBER_OBJECT_CONVERSION = YES_AGGRESSIVE;
				CLANG_CXX_LANGUAGE_STANDARD = "gnu++17";
				CLANG_CXX_LIBRARY = "libc++";
				CLANG_ENABLE_MODULES = YES;
				CLANG_ENABLE_OBJC_ARC = YES;
				CLANG_ENABLE_OBJC_WEAK = YES;
				CLANG_WARN_BLOCK_CAPTURE_AUTORELEASING = YES;
				CLANG_WARN_BOOL_CONVERSION = YES;
				CLANG_WARN_COMMA = YES;
				CLANG_WARN_CONSTANT_CONVERSION = YES;
				CLANG_WARN_DEPRECATED_OBJC_IMPLEMENTATIONS = YES;
				CLANG_WARN_DIRECT_OBJC_ISA_USAGE = YES_ERROR;
				CLANG_WARN_DOCUMENTATION_COMMENTS = YES;
				CLANG_WARN_EMPTY_BODY = YES;
				CLANG_WARN_ENUM_CONVERSION = YES;
				CLANG_WARN_INFINITE_RECURSION = YES;
				CLANG_WARN_INT_CONVERSION = YES;
				CLANG_WARN_NON_LITERAL_NULL_CONVERSION = YES;
				CLANG_WARN_OBJC_IMPLICIT_RETAIN_SELF = YES;
				CLANG_WARN_OBJC_LITERAL_CONVERSION = YES;
				CLANG_WARN_OBJC_ROOT_CLASS = YES_ERROR;
				CLANG_WARN_QUOTED_INCLUDE_IN_FRAMEWORK_HEADER = YES;
				CLANG_WARN_RANGE_LOOP_ANALYSIS = YES;
				CLANG_WARN_STRICT_PROTOTYPES = YES;
				CLANG_WARN_SUSPICIOUS_MOVE = YES;
				CLANG_WARN_UNGUARDED_AVAILABILITY = YES_AGGRESSIVE;
				CLANG_WARN_UNREACHABLE_CODE = YES;
				CLANG_WARN__DUPLICATE_METHOD_MATCH = YES;
				COPY_PHASE_STRIP = NO;
				DEBUG_INFORMATION_FORMAT = dwarf;
				ENABLE_STRICT_OBJC_MSGSEND = YES;
				ENABLE_TESTABILITY = YES;
				GCC_C_LANGUAGE_STANDARD = gnu11;
				GCC_DYNAMIC_NO_PIC = NO;
				GCC_NO_COMMON_BLOCKS = YES;
				GCC_OPTIMIZATION_LEVEL = 0;
				GCC_PREPROCESSOR_DEFINITIONS = (
					"DEBUG=1",
					"$(inherited)",
				);
				GCC_WARN_64_TO_32_BIT_CONVERSION = YES;
				GCC_WARN_ABOUT_RETURN_TYPE = YES_ERROR;
				GCC_WARN_UNDECLARED_SELECTOR = YES;
				GCC_WARN_UNINITIALIZED_AUTOS = YES_AGGRESSIVE;
				GCC_WARN_UNUSED_FUNCTION = YES;
				GCC_WARN_UNUSED_VARIABLE = YES;
				IPHONEOS_DEPLOYMENT_TARGET = 15.2;
				MTL_ENABLE_DEBUG_INFO = INCLUDE_SOURCE;
				MTL_FAST_MATH = YES;
				ONLY_ACTIVE_ARCH = YES;
				SDKROOT = iphoneos;
				SWIFT_ACTIVE_COMPILATION_CONDITIONS = DEBUG;
				SWIFT_OPTIMIZATION_LEVEL = "-Onone";
			};
			name = Debug;
		};
		8B52408D2876B87500655194 /* Release */ = {
			isa = XCBuildConfiguration;
			buildSettings = {
				ALWAYS_SEARCH_USER_PATHS = NO;
				CLANG_ANALYZER_NONNULL = YES;
				CLANG_ANALYZER_NUMBER_OBJECT_CONVERSION = YES_AGGRESSIVE;
				CLANG_CXX_LANGUAGE_STANDARD = "gnu++17";
				CLANG_CXX_LIBRARY = "libc++";
				CLANG_ENABLE_MODULES = YES;
				CLANG_ENABLE_OBJC_ARC = YES;
				CLANG_ENABLE_OBJC_WEAK = YES;
				CLANG_WARN_BLOCK_CAPTURE_AUTORELEASING = YES;
				CLANG_WARN_BOOL_CONVERSION = YES;
				CLANG_WARN_COMMA = YES;
				CLANG_WARN_CONSTANT_CONVERSION = YES;
				CLANG_WARN_DEPRECATED_OBJC_IMPLEMENTATIONS = YES;
				CLANG_WARN_DIRECT_OBJC_ISA_USAGE = YES_ERROR;
				CLANG_WARN_DOCUMENTATION_COMMENTS = YES;
				CLANG_WARN_EMPTY_BODY = YES;
				CLANG_WARN_ENUM_CONVERSION = YES;
				CLANG_WARN_INFINITE_RECURSION = YES;
				CLANG_WARN_INT_CONVERSION = YES;
				CLANG_WARN_NON_LITERAL_NULL_CONVERSION = YES;
				CLANG_WARN_OBJC_IMPLICIT_RETAIN_SELF = YES;
				CLANG_WARN_OBJC_LITERAL_CONVERSION = YES;
				CLANG_WARN_OBJC_ROOT_CLASS = YES_ERROR;
				CLANG_WARN_QUOTED_INCLUDE_IN_FRAMEWORK_HEADER = YES;
				CLANG_WARN_RANGE_LOOP_ANALYSIS = YES;
				CLANG_WARN_STRICT_PROTOTYPES = YES;
				CLANG_WARN_SUSPICIOUS_MOVE = YES;
				CLANG_WARN_UNGUARDED_AVAILABILITY = YES_AGGRESSIVE;
				CLANG_WARN_UNREACHABLE_CODE = YES;
				CLANG_WARN__DUPLICATE_METHOD_MATCH = YES;
				COPY_PHASE_STRIP = NO;
				DEBUG_INFORMATION_FORMAT = "dwarf-with-dsym";
				ENABLE_NS_ASSERTIONS = NO;
				ENABLE_STRICT_OBJC_MSGSEND = YES;
				GCC_C_LANGUAGE_STANDARD = gnu11;
				GCC_NO_COMMON_BLOCKS = YES;
				GCC_WARN_64_TO_32_BIT_CONVERSION = YES;
				GCC_WARN_ABOUT_RETURN_TYPE = YES_ERROR;
				GCC_WARN_UNDECLARED_SELECTOR = YES;
				GCC_WARN_UNINITIALIZED_AUTOS = YES_AGGRESSIVE;
				GCC_WARN_UNUSED_FUNCTION = YES;
				GCC_WARN_UNUSED_VARIABLE = YES;
				IPHONEOS_DEPLOYMENT_TARGET = 15.2;
				MTL_ENABLE_DEBUG_INFO = NO;
				MTL_FAST_MATH = YES;
				SDKROOT = iphoneos;
				SWIFT_COMPILATION_MODE = wholemodule;
				SWIFT_OPTIMIZATION_LEVEL = "-O";
				VALIDATE_PRODUCT = YES;
			};
			name = Release;
		};
		8B52408F2876B87500655194 /* Debug */ = {
			isa = XCBuildConfiguration;
			buildSettings = {
				ASSETCATALOG_COMPILER_APPICON_NAME = AppIcon;
				ASSETCATALOG_COMPILER_GLOBAL_ACCENT_COLOR_NAME = AccentColor;
				CODE_SIGN_STYLE = Automatic;
				CURRENT_PROJECT_VERSION = 1;
				GENERATE_INFOPLIST_FILE = YES;
				INFOPLIST_FILE = Test/Info.plist;
				INFOPLIST_KEY_UIApplicationSupportsIndirectInputEvents = YES;
				INFOPLIST_KEY_UILaunchStoryboardName = LaunchScreen;
				INFOPLIST_KEY_UIMainStoryboardFile = Main;
				INFOPLIST_KEY_UISupportedInterfaceOrientations_iPad = "UIInterfaceOrientationPortrait UIInterfaceOrientationPortraitUpsideDown UIInterfaceOrientationLandscapeLeft UIInterfaceOrientationLandscapeRight";
				INFOPLIST_KEY_UISupportedInterfaceOrientations_iPhone = "UIInterfaceOrientationPortrait UIInterfaceOrientationLandscapeLeft UIInterfaceOrientationLandscapeRight";
				LD_RUNPATH_SEARCH_PATHS = (
					"$(inherited)",
					"@executable_path/Frameworks",
				);
				MARKETING_VERSION = 1.0;
				PRODUCT_BUNDLE_IDENTIFIER = c.Test;
				PRODUCT_NAME = "$(TARGET_NAME)";
				SWIFT_EMIT_LOC_STRINGS = YES;
				SWIFT_VERSION = 5.0;
				TARGETED_DEVICE_FAMILY = "1,2";
			};
			name = Debug;
		};
		8B5240902876B87500655194 /* Release */ = {
			isa = XCBuildConfiguration;
			buildSettings = {
				ASSETCATALOG_COMPILER_APPICON_NAME = AppIcon;
				ASSETCATALOG_COMPILER_GLOBAL_ACCENT_COLOR_NAME = AccentColor;
				CODE_SIGN_STYLE = Automatic;
				CURRENT_PROJECT_VERSION = 1;
				GENERATE_INFOPLIST_FILE = YES;
				INFOPLIST_FILE = Test/Info.plist;
				INFOPLIST_KEY_UIApplicationSupportsIndirectInputEvents = YES;
				INFOPLIST_KEY_UILaunchStoryboardName = LaunchScreen;
				INFOPLIST_KEY_UIMainStoryboardFile = Main;
				INFOPLIST_KEY_UISupportedInterfaceOrientations_iPad = "UIInterfaceOrientationPortrait UIInterfaceOrientationPortraitUpsideDown UIInterfaceOrientationLandscapeLeft UIInterfaceOrientationLandscapeRight";
				INFOPLIST_KEY_UISupportedInterfaceOrientations_iPhone = "UIInterfaceOrientationPortrait UIInterfaceOrientationLandscapeLeft UIInterfaceOrientationLandscapeRight";
				LD_RUNPATH_SEARCH_PATHS = (
					"$(inherited)",
					"@executable_path/Frameworks",
				);
				MARKETING_VERSION = 1.0;
				PRODUCT_BUNDLE_IDENTIFIER = c.Test;
				PRODUCT_NAME = "$(TARGET_NAME)";
				SWIFT_EMIT_LOC_STRINGS = YES;
				SWIFT_VERSION = 5.0;
				TARGETED_DEVICE_FAMILY = "1,2";
			};
			name = Release;
		};
		8B5240922876B87500655194 /* Debug */ = {
			isa = XCBuildConfiguration;
			buildSettings = {
				ALWAYS_EMBED_SWIFT_STANDARD_LIBRARIES = YES;
				BUNDLE_LOADER = "$(TEST_HOST)";
				CODE_SIGN_STYLE = Automatic;
				CURRENT_PROJECT_VERSION = 1;
				GENERATE_INFOPLIST_FILE = YES;
				IPHONEOS_DEPLOYMENT_TARGET = 15.2;
				MARKETING_VERSION = 1.0;
				PRODUCT_BUNDLE_IDENTIFIER = c.TestTests;
				PRODUCT_NAME = "$(TARGET_NAME)";
				SWIFT_EMIT_LOC_STRINGS = NO;
				SWIFT_VERSION = 5.0;
				TARGETED_DEVICE_FAMILY = "1,2";
				TEST_HOST = "$(BUILT_PRODUCTS_DIR)/Test.app/Test";
			};
			name = Debug;
		};
		8B5240932876B87500655194 /* Release */ = {
			isa = XCBuildConfiguration;
			buildSettings = {
				ALWAYS_EMBED_SWIFT_STANDARD_LIBRARIES = YES;
				BUNDLE_LOADER = "$(TEST_HOST)";
				CODE_SIGN_STYLE = Automatic;
				CURRENT_PROJECT_VERSION = 1;
				GENERATE_INFOPLIST_FILE = YES;
				IPHONEOS_DEPLOYMENT_TARGET = 15.2;
				MARKETING_VERSION = 1.0;
				PRODUCT_BUNDLE_IDENTIFIER = c.TestTests;
				PRODUCT_NAME = "$(TARGET_NAME)";
				SWIFT_EMIT_LOC_STRINGS = NO;
				SWIFT_VERSION = 5.0;
				TARGETED_DEVICE_FAMILY = "1,2";
				TEST_HOST = "$(BUILT_PRODUCTS_DIR)/Test.app/Test";
			};
			name = Release;
		};
		8B5240952876B87500655194 /* Debug */ = {
			isa = XCBuildConfiguration;
			buildSettings = {
				ALWAYS_EMBED_SWIFT_STANDARD_LIBRARIES = YES;
				CODE_SIGN_STYLE = Automatic;
				CURRENT_PROJECT_VERSION = 1;
				GENERATE_INFOPLIST_FILE = YES;
				MARKETING_VERSION = 1.0;
				PRODUCT_BUNDLE_IDENTIFIER = c.TestUITests;
				PRODUCT_NAME = "$(TARGET_NAME)";
				SWIFT_EMIT_LOC_STRINGS = NO;
				SWIFT_VERSION = 5.0;
				TARGETED_DEVICE_FAMILY = "1,2";
				TEST_TARGET_NAME = Test;
			};
			name = Debug;
		};
		8B5240962876B87500655194 /* Release */ = {
			isa = XCBuildConfiguration;
			buildSettings = {
				ALWAYS_EMBED_SWIFT_STANDARD_LIBRARIES = YES;
				CODE_SIGN_STYLE = Automatic;
				CURRENT_PROJECT_VERSION = 1;
				GENERATE_INFOPLIST_FILE = YES;
				MARKETING_VERSION = 1.0;
				PRODUCT_BUNDLE_IDENTIFIER = c.TestUITests;
				PRODUCT_NAME = "$(TARGET_NAME)";
				SWIFT_EMIT_LOC_STRINGS = NO;
				SWIFT_VERSION = 5.0;
				TARGETED_DEVICE_FAMILY = "1,2";
				TEST_TARGET_NAME = Test;
			};
			name = Release;
		};
/* End XCBuildConfiguration section */

/* Begin XCConfigurationList section */
		8B52405F2876B87400655194 /* Build configuration list for PBXProject "Test" */ = {
			isa = XCConfigurationList;
			buildConfigurations = (
				8B52408C2876B87500655194 /* Debug */,
				8B52408D2876B87500655194 /* Release */,
			);
			defaultConfigurationIsVisible = 0;
			defaultConfigurationName = Release;
		};
		8B52408E2876B87500655194 /* Build configuration list for PBXNativeTarget "Test" */ = {
			isa = XCConfigurationList;
			buildConfigurations = (
				8B52408F2876B87500655194 /* Debug */,
				8B5240902876B87500655194 /* Release */,
			);
			defaultConfigurationIsVisible = 0;
			defaultConfigurationName = Release;
		};
		8B5240912876B87500655194 /* Build configuration list for PBXNativeTarget "TestTests" */ = {
			isa = XCConfigurationList;
			buildConfigurations = (
				8B5240922876B87500655194 /* Debug */,
				8B5240932876B87500655194 /* Release */,
			);
			defaultConfigurationIsVisible = 0;
			defaultConfigurationName = Release;
		};
		8B5240942876B87500655194 /* Build configuration list for PBXNativeTarget "TestUITests" */ = {
			isa = XCConfigurationList;
			buildConfigurations = (
				8B5240952876B87500655194 /* Debug */,
				8B5240962876B87500655194 /* Release */,
			);
			defaultConfigurationIsVisible = 0;
			defaultConfigurationName = Release;
		};
/* End XCConfigurationList section */

/* Begin XCRemoteSwiftPackageReference section */
		8B3CC97B2876CF7900BFEE42 /* XCRemoteSwiftPackageReference "Alamofire" */ = {
			isa = XCRemoteSwiftPackageReference;
			repositoryURL = "https://github.com/Alamofire/Alamofire";
			requirement = {
				branch = master;
				kind = branch;
			};
		};
		8BEE98E72876FE0600D86DE0 /* XCRemoteSwiftPackageReference "Kingfisher" */ = {
			isa = XCRemoteSwiftPackageReference;
			repositoryURL = "https://github.com/onevcat/Kingfisher";
			requirement = {
				kind = upToNextMajorVersion;
				minimumVersion = 7.0.0;
			};
		};
/* End XCRemoteSwiftPackageReference section */

/* Begin XCSwiftPackageProductDependency section */
		8B3CC97C2876CF7900BFEE42 /* Alamofire */ = {
			isa = XCSwiftPackageProductDependency;
			package = 8B3CC97B2876CF7900BFEE42 /* XCRemoteSwiftPackageReference "Alamofire" */;
			productName = Alamofire;
		};
		8BEE98E82876FE0600D86DE0 /* Kingfisher */ = {
			isa = XCSwiftPackageProductDependency;
			package = 8BEE98E72876FE0600D86DE0 /* XCRemoteSwiftPackageReference "Kingfisher" */;
			productName = Kingfisher;
		};
/* End XCSwiftPackageProductDependency section */
	};
	rootObject = 8B52405C2876B87400655194 /* Project object */;
}
